# generated by rye
# use `rye lock` or `rye sync` to update this lockfile
#
# last locked with the following flags:
#   pre: false
#   features: []
#   all-features: false
#   with-sources: false
#   generate-hashes: false
#   universal: false

-e file:.
asgiref==3.8.1
    # via django
colorama==0.4.6
    # via pytest
django==5.2.3
    # via terraycafe
greenlet==3.2.3
    # via sqlalchemy
iniconfig==2.1.0
    # via pytest
packaging==25.0
    # via pytest
pluggy==1.6.0
    # via pytest
pygments==2.19.2
    # via pytest
pytest==8.4.1
    # via terraycafe
sqlalchemy==2.0.41
    # via terraycafe
sqlparse==0.5.3
    # via django
typing-extensions==4.14.0
    # via sqlalchemy
tzdata==2025.2
    # via django
